
Microsoft Visual Studio Solution File, Format Version 12.00
# Visual Studio Version 16
VisualStudioVersion = 16.0.30611.23
MinimumVisualStudioVersion = 10.0.40219.1
Project("{FAE04EC0-301F-11D3-BF4B-00C04F79EFBC}") = "LinearEquationSystems Program", "LinearEquationSystems Program.csproj", "{E81BCEF5-0C3F-4C0F-9D28-7D4D7F3F13B9}"
EndProject
Global
	GlobalSection(SolutionConfigurationPlatforms) = preSolution
		Debug|Any CPU = Debug|Any CPU
		Release|Any CPU = Release|Any CPU
	EndGlobalSection
	GlobalSection(ProjectConfigurationPlatforms) = postSolution
		{E81BCEF5-0C3F-4C0F-9D28-7D4D7F3F13B9}.Debug|Any CPU.ActiveCfg = Debug|Any CPU
		{E81BCEF5-0C3F-4C0F-9D28-7D4D7F3F13B9}.Debug|Any CPU.Build.0 = Debug|Any CPU
		{E81BCEF5-0C3F-4C0F-9D28-7D4D7F3F13B9}.Release|Any CPU.ActiveCfg = Release|Any CPU
		{E81BCEF5-0C3F-4C0F-9D28-7D4D7F3F13B9}.Release|Any CPU.Build.0 = Release|Any CPU
	EndGlobalSection
	GlobalSection(SolutionProperties) = preSolution
		HideSolutionNode = FALSE
	EndGlobalSection
	GlobalSection(ExtensibilityGlobals) = postSolution
		SolutionGuid = {C85C3228-797C-45D3-863D-9CA09DCF3709}
	EndGlobalSection
EndGlobal
